// !$*UTF8*$!
{
	archiveVersion = 1;
	classes = {
	};
	objectVersion = 50;
	objects = {

/* Begin PBXBuildFile section */
		8B8B621C211BC62300800D24 /* AppDelegate.swift in Sources */ = {isa = PBXBuildFile; fileRef = 8B8B621B211BC62300800D24 /* AppDelegate.swift */; };
		8B8B621E211BC62300800D24 /* ViewController.swift in Sources */ = {isa = PBXBuildFile; fileRef = 8B8B621D211BC62300800D24 /* ViewController.swift */; };
		8B8B6221211BC62300800D24 /* Main.storyboard in Resources */ = {isa = PBXBuildFile; fileRef = 8B8B621F211BC62300800D24 /* Main.storyboard */; };
		8B8B6224211BC62300800D24 /* persistenciaDatos.xcdatamodeld in Sources */ = {isa = PBXBuildFile; fileRef = 8B8B6222211BC62300800D24 /* persistenciaDatos.xcdatamodeld */; };
		8B8B6226211BC62900800D24 /* Assets.xcassets in Resources */ = {isa = PBXBuildFile; fileRef = 8B8B6225211BC62900800D24 /* Assets.xcassets */; };
		8B8B6229211BC62900800D24 /* LaunchScreen.storyboard in Resources */ = {isa = PBXBuildFile; fileRef = 8B8B6227211BC62900800D24 /* LaunchScreen.storyboard */; };
		8B8B6234211BC62900800D24 /* persistenciaDatosTests.swift in Sources */ = {isa = PBXBuildFile; fileRef = 8B8B6233211BC62900800D24 /* persistenciaDatosTests.swift */; };
		8B8B623F211BC62900800D24 /* persistenciaDatosUITests.swift in Sources */ = {isa = PBXBuildFile; fileRef = 8B8B623E211BC62900800D24 /* persistenciaDatosUITests.swift */; };
/* End PBXBuildFile section */

/* Begin PBXContainerItemProxy section */
		8B8B6230211BC62900800D24 /* PBXContainerItemProxy */ = {
			isa = PBXContainerItemProxy;
			containerPortal = 8B8B6210211BC62300800D24 /* Project object */;
			proxyType = 1;
			remoteGlobalIDString = 8B8B6217211BC62300800D24;
			remoteInfo = persistenciaDatos;
		};
		8B8B623B211BC62900800D24 /* PBXContainerItemProxy */ = {
			isa = PBXContainerItemProxy;
			containerPortal = 8B8B6210211BC62300800D24 /* Project object */;
			proxyType = 1;
			remoteGlobalIDString = 8B8B6217211BC62300800D24;
			remoteInfo = persistenciaDatos;
		};
/* End PBXContainerItemProxy section */

/* Begin PBXFileReference section */
		8B8B6218211BC62300800D24 /* persistenciaDatos.app */ = {isa = PBXFileReference; explicitFileType = wrapper.application; includeInIndex = 0; path = persistenciaDatos.app; sourceTree = BUILT_PRODUCTS_DIR; };
		8B8B621B211BC62300800D24 /* AppDelegate.swift */ = {isa = PBXFileReference; lastKnownFileType = sourcecode.swift; path = AppDelegate.swift; sourceTree = "<group>"; };
		8B8B621D211BC62300800D24 /* ViewController.swift */ = {isa = PBXFileReference; lastKnownFileType = sourcecode.swift; path = ViewController.swift; sourceTree = "<group>"; };
		8B8B6220211BC62300800D24 /* Base */ = {isa = PBXFileReference; lastKnownFileType = file.storyboard; name = Base; path = Base.lproj/Main.storyboard; sourceTree = "<group>"; };
		8B8B6223211BC62300800D24 /* persistenciaDatos.xcdatamodel */ = {isa = PBXFileReference; lastKnownFileType = wrapper.xcdatamodel; path = persistenciaDatos.xcdatamodel; sourceTree = "<group>"; };
		8B8B6225211BC62900800D24 /* Assets.xcassets */ = {isa = PBXFileReference; lastKnownFileType = folder.assetcatalog; path = Assets.xcassets; sourceTree = "<group>"; };
		8B8B6228211BC62900800D24 /* Base */ = {isa = PBXFileReference; lastKnownFileType = file.storyboard; name = Base; path = Base.lproj/LaunchScreen.storyboard; sourceTree = "<group>"; };
		8B8B622A211BC62900800D24 /* Info.plist */ = {isa = PBXFileReference; lastKnownFileType = text.plist.xml; path = Info.plist; sourceTree = "<group>"; };
		8B8B622F211BC62900800D24 /* persistenciaDatosTests.xctest */ = {isa = PBXFileReference; explicitFileType = wrapper.cfbundle; includeInIndex = 0; path = persistenciaDatosTests.xctest; sourceTree = BUILT_PRODUCTS_DIR; };
		8B8B6233211BC62900800D24 /* persistenciaDatosTests.swift */ = {isa = PBXFileReference; lastKnownFileType = sourcecode.swift; path = persistenciaDatosTests.swift; sourceTree = "<group>"; };
		8B8B6235211BC62900800D24 /* Info.plist */ = {isa = PBXFileReference; lastKnownFileType = text.plist.xml; path = Info.plist; sourceTree = "<group>"; };
		8B8B623A211BC62900800D24 /* persistenciaDatosUITests.xctest */ = {isa = PBXFileReference; explicitFileType = wrapper.cfbundle; includeInIndex = 0; path = persistenciaDatosUITests.xctest; sourceTree = BUILT_PRODUCTS_DIR; };
		8B8B623E211BC62900800D24 /* persistenciaDatosUITests.swift */ = {isa = PBXFileReference; lastKnownFileType = sourcecode.swift; path = persistenciaDatosUITests.swift; sourceTree = "<group>"; };
		8B8B6240211BC62900800D24 /* Info.plist */ = {isa = PBXFileReference; lastKnownFileType = text.plist.xml; path = Info.plist; sourceTree = "<group>"; };
/* End PBXFileReference section */

/* Begin PBXFrameworksBuildPhase section */
		8B8B6215211BC62300800D24 /* Frameworks */ = {
			isa = PBXFrameworksBuildPhase;
			buildActionMask = 2147483647;
			files = (
			);
			runOnlyForDeploymentPostprocessing = 0;
		};
		8B8B622C211BC62900800D24 /* Frameworks */ = {
			isa = PBXFrameworksBuildPhase;
			buildActionMask = 2147483647;
			files = (
			);
			runOnlyForDeploymentPostprocessing = 0;
		};
		8B8B6237211BC62900800D24 /* Frameworks */ = {
			isa = PBXFrameworksBuildPhase;
			buildActionMask = 2147483647;
			files = (
			);
			runOnlyForDeploymentPostprocessing = 0;
		};
/* End PBXFrameworksBuildPhase section */

/* Begin PBXGroup section */
		8B8B620F211BC62300800D24 = {
			isa = PBXGroup;
			children = (
				8B8B621A211BC62300800D24 /* persistenciaDatos */,
				8B8B6232211BC62900800D24 /* persistenciaDatosTests */,
				8B8B623D211BC62900800D24 /* persistenciaDatosUITests */,
				8B8B6219211BC62300800D24 /* Products */,
			);
			sourceTree = "<group>";
		};
		8B8B6219211BC62300800D24 /* Products */ = {
			isa = PBXGroup;
			children = (
				8B8B6218211BC62300800D24 /* persistenciaDatos.app */,
				8B8B622F211BC62900800D24 /* persistenciaDatosTests.xctest */,
				8B8B623A211BC62900800D24 /* persistenciaDatosUITests.xctest */,
			);
			name = Products;
			sourceTree = "<group>";
		};
		8B8B621A211BC62300800D24 /* persistenciaDatos */ = {
			isa = PBXGroup;
			children = (
				8B8B624C211BCD7C00800D24 /* ViewControllers */,
				8B8B621B211BC62300800D24 /* AppDelegate.swift */,
				8B8B621F211BC62300800D24 /* Main.storyboard */,
				8B8B6225211BC62900800D24 /* Assets.xcassets */,
				8B8B6227211BC62900800D24 /* LaunchScreen.storyboard */,
				8B8B622A211BC62900800D24 /* Info.plist */,
				8B8B6222211BC62300800D24 /* persistenciaDatos.xcdatamodeld */,
			);
			path = persistenciaDatos;
			sourceTree = "<group>";
		};
		8B8B6232211BC62900800D24 /* persistenciaDatosTests */ = {
			isa = PBXGroup;
			children = (
				8B8B6233211BC62900800D24 /* persistenciaDatosTests.swift */,
				8B8B6235211BC62900800D24 /* Info.plist */,
			);
			path = persistenciaDatosTests;
			sourceTree = "<group>";
		};
		8B8B623D211BC62900800D24 /* persistenciaDatosUITests */ = {
			isa = PBXGroup;
			children = (
				8B8B623E211BC62900800D24 /* persistenciaDatosUITests.swift */,
				8B8B6240211BC62900800D24 /* Info.plist */,
			);
			path = persistenciaDatosUITests;
			sourceTree = "<group>";
		};
		8B8B624C211BCD7C00800D24 /* ViewControllers */ = {
			isa = PBXGroup;
			children = (
				8B8B621D211BC62300800D24 /* ViewController.swift */,
			);
			path = ViewControllers;
			sourceTree = "<group>";
		};
/* End PBXGroup section */

/* Begin PBXNativeTarget section */
		8B8B6217211BC62300800D24 /* persistenciaDatos */ = {
			isa = PBXNativeTarget;
			buildConfigurationList = 8B8B6243211BC62900800D24 /* Build configuration list for PBXNativeTarget "persistenciaDatos" */;
			buildPhases = (
				8B8B6214211BC62300800D24 /* Sources */,
				8B8B6215211BC62300800D24 /* Frameworks */,
				8B8B6216211BC62300800D24 /* Resources */,
			);
			buildRules = (
			);
			dependencies = (
			);
			name = persistenciaDatos;
			productName = persistenciaDatos;
			productReference = 8B8B6218211BC62300800D24 /* persistenciaDatos.app */;
			productType = "com.apple.product-type.application";
		};
		8B8B622E211BC62900800D24 /* persistenciaDatosTests */ = {
			isa = PBXNativeTarget;
			buildConfigurationList = 8B8B6246211BC62900800D24 /* Build configuration list for PBXNativeTarget "persistenciaDatosTests" */;
			buildPhases = (
				8B8B622B211BC62900800D24 /* Sources */,
				8B8B622C211BC62900800D24 /* Frameworks */,
				8B8B622D211BC62900800D24 /* Resources */,
			);
			buildRules = (
			);
			dependencies = (
				8B8B6231211BC62900800D24 /* PBXTargetDependency */,
			);
			name = persistenciaDatosTests;
			productName = persistenciaDatosTests;
			productReference = 8B8B622F211BC62900800D24 /* persistenciaDatosTests.xctest */;
			productType = "com.apple.product-type.bundle.unit-test";
		};
		8B8B6239211BC62900800D24 /* persistenciaDatosUITests */ = {
			isa = PBXNativeTarget;
			buildConfigurationList = 8B8B6249211BC62900800D24 /* Build configuration list for PBXNativeTarget "persistenciaDatosUITests" */;
			buildPhases = (
				8B8B6236211BC62900800D24 /* Sources */,
				8B8B6237211BC62900800D24 /* Frameworks */,
				8B8B6238211BC62900800D24 /* Resources */,
			);
			buildRules = (
			);
			dependencies = (
				8B8B623C211BC62900800D24 /* PBXTargetDependency */,
			);
			name = persistenciaDatosUITests;
			productName = persistenciaDatosUITests;
			productReference = 8B8B623A211BC62900800D24 /* persistenciaDatosUITests.xctest */;
			productType = "com.apple.product-type.bundle.ui-testing";
		};
/* End PBXNativeTarget section */

/* Begin PBXProject section */
		8B8B6210211BC62300800D24 /* Project object */ = {
			isa = PBXProject;
			attributes = {
				LastSwiftUpdateCheck = 0940;
				LastUpgradeCheck = 0940;
				ORGANIZATIONNAME = Aaron;
				TargetAttributes = {
					8B8B6217211BC62300800D24 = {
						CreatedOnToolsVersion = 9.4.1;
					};
					8B8B622E211BC62900800D24 = {
						CreatedOnToolsVersion = 9.4.1;
						TestTargetID = 8B8B6217211BC62300800D24;
					};
					8B8B6239211BC62900800D24 = {
						CreatedOnToolsVersion = 9.4.1;
						TestTargetID = 8B8B6217211BC62300800D24;
					};
				};
			};
			buildConfigurationList = 8B8B6213211BC62300800D24 /* Build configuration list for PBXProject "persistenciaDatos" */;
			compatibilityVersion = "Xcode 9.3";
			developmentRegion = en;
			hasScannedForEncodings = 0;
			knownRegions = (
				en,
				Base,
			);
			mainGroup = 8B8B620F211BC62300800D24;
			productRefGroup = 8B8B6219211BC62300800D24 /* Products */;
			projectDirPath = "";
			projectRoot = "";
			targets = (
				8B8B6217211BC62300800D24 /* persistenciaDatos */,
				8B8B622E211BC62900800D24 /* persistenciaDatosTests */,
				8B8B6239211BC62900800D24 /* persistenciaDatosUITests */,
			);
		};
/* End PBXProject section */

/* Begin PBXResourcesBuildPhase section */
		8B8B6216211BC62300800D24 /* Resources */ = {
			isa = PBXResourcesBuildPhase;
			buildActionMask = 2147483647;
			files = (
				8B8B6229211BC62900800D24 /* LaunchScreen.storyboard in Resources */,
				8B8B6226211BC62900800D24 /* Assets.xcassets in Resources */,
				8B8B6221211BC62300800D24 /* Main.storyboard in Resources */,
			);
			runOnlyForDeploymentPostprocessing = 0;
		};
		8B8B622D211BC62900800D24 /* Resources */ = {
			isa = PBXResourcesBuildPhase;
			buildActionMask = 2147483647;
			files = (
			);
			runOnlyForDeploymentPostprocessing = 0;
		};
		8B8B6238211BC62900800D24 /* Resources */ = {
			isa = PBXResourcesBuildPhase;
			buildActionMask = 2147483647;
			files = (
			);
			runOnlyForDeploymentPostprocessing = 0;
		};
/* End PBXResourcesBuildPhase section */

/* Begin PBXSourcesBuildPhase section */
		8B8B6214211BC62300800D24 /* Sources */ = {
			isa = PBXSourcesBuildPhase;
			buildActionMask = 2147483647;
			files = (
				8B8B621E211BC62300800D24 /* ViewController.swift in Sources */,
				8B8B621C211BC62300800D24 /* AppDelegate.swift in Sources */,
				8B8B6224211BC62300800D24 /* persistenciaDatos.xcdatamodeld in Sources */,
			);
			runOnlyForDeploymentPostprocessing = 0;
		};
		8B8B622B211BC62900800D24 /* Sources */ = {
			isa = PBXSourcesBuildPhase;
			buildActionMask = 2147483647;
			files = (
				8B8B6234211BC62900800D24 /* persistenciaDatosTests.swift in Sources */,
			);
			runOnlyForDeploymentPostprocessing = 0;
		};
		8B8B6236211BC62900800D24 /* Sources */ = {
			isa = PBXSourcesBuildPhase;
			buildActionMask = 2147483647;
			files = (
				8B8B623F211BC62900800D24 /* persistenciaDatosUITests.swift in Sources */,
			);
			runOnlyForDeploymentPostprocessing = 0;
		};
/* End PBXSourcesBuildPhase section */

/* Begin PBXTargetDependency section */
		8B8B6231211BC62900800D24 /* PBXTargetDependency */ = {
			isa = PBXTargetDependency;
			target = 8B8B6217211BC62300800D24 /* persistenciaDatos */;
			targetProxy = 8B8B6230211BC62900800D24 /* PBXContainerItemProxy */;
		};
		8B8B623C211BC62900800D24 /* PBXTargetDependency */ = {
			isa = PBXTargetDependency;
			target = 8B8B6217211BC62300800D24 /* persistenciaDatos */;
			targetProxy = 8B8B623B211BC62900800D24 /* PBXContainerItemProxy */;
		};
/* End PBXTargetDependency section */

/* Begin PBXVariantGroup section */
		8B8B621F211BC62300800D24 /* Main.storyboard */ = {
			isa = PBXVariantGroup;
			children = (
				8B8B6220211BC62300800D24 /* Base */,
			);
			name = Main.storyboard;
			sourceTree = "<group>";
		};
		8B8B6227211BC62900800D24 /* LaunchScreen.storyboard */ = {
			isa = PBXVariantGroup;
			children = (
				8B8B6228211BC62900800D24 /* Base */,
			);
			name = LaunchScreen.storyboard;
			sourceTree = "<group>";
		};
/* End PBXVariantGroup section */

/* Begin XCBuildConfiguration section */
		8B8B6241211BC62900800D24 /* Debug */ = {
			isa = XCBuildConfiguration;
			buildSettings = {
				ALWAYS_SEARCH_USER_PATHS = NO;
				CLANG_ANALYZER_NONNULL = YES;
				CLANG_ANALYZER_NUMBER_OBJECT_CONVERSION = YES_AGGRESSIVE;
				CLANG_CXX_LANGUAGE_STANDARD = "gnu++14";
				CLANG_CXX_LIBRARY = "libc++";
				CLANG_ENABLE_MODULES = YES;
				CLANG_ENABLE_OBJC_ARC = YES;
				CLANG_ENABLE_OBJC_WEAK = YES;
				CLANG_WARN_BLOCK_CAPTURE_AUTORELEASING = YES;
				CLANG_WARN_BOOL_CONVERSION = YES;
				CLANG_WARN_COMMA = YES;
				CLANG_WARN_CONSTANT_CONVERSION = YES;
				CLANG_WARN_DEPRECATED_OBJC_IMPLEMENTATIONS = YES;
				CLANG_WARN_DIRECT_OBJC_ISA_USAGE = YES_ERROR;
				CLANG_WARN_DOCUMENTATION_COMMENTS = YES;
				CLANG_WARN_EMPTY_BODY = YES;
				CLANG_WARN_ENUM_CONVERSION = YES;
				CLANG_WARN_INFINITE_RECURSION = YES;
				CLANG_WARN_INT_CONVERSION = YES;
				CLANG_WARN_NON_LITERAL_NULL_CONVERSION = YES;
				CLANG_WARN_OBJC_IMPLICIT_RETAIN_SELF = YES;
				CLANG_WARN_OBJC_LITERAL_CONVERSION = YES;
				CLANG_WARN_OBJC_ROOT_CLASS = YES_ERROR;
				CLANG_WARN_RANGE_LOOP_ANALYSIS = YES;
				CLANG_WARN_STRICT_PROTOTYPES = YES;
				CLANG_WARN_SUSPICIOUS_MOVE = YES;
				CLANG_WARN_UNGUARDED_AVAILABILITY = YES_AGGRESSIVE;
				CLANG_WARN_UNREACHABLE_CODE = YES;
				CLANG_WARN__DUPLICATE_METHOD_MATCH = YES;
				CODE_SIGN_IDENTITY = "iPhone Developer";
				COPY_PHASE_STRIP = NO;
				DEBUG_INFORMATION_FORMAT = dwarf;
				ENABLE_STRICT_OBJC_MSGSEND = YES;
				ENABLE_TESTABILITY = YES;
				GCC_C_LANGUAGE_STANDARD = gnu11;
				GCC_DYNAMIC_NO_PIC = NO;
				GCC_NO_COMMON_BLOCKS = YES;
				GCC_OPTIMIZATION_LEVEL = 0;
				GCC_PREPROCESSOR_DEFINITIONS = (
					"DEBUG=1",
					"$(inherited)",
				);
				GCC_WARN_64_TO_32_BIT_CONVERSION = YES;
				GCC_WARN_ABOUT_RETURN_TYPE = YES_ERROR;
				GCC_WARN_UNDECLARED_SELECTOR = YES;
				GCC_WARN_UNINITIALIZED_AUTOS = YES_AGGRESSIVE;
				GCC_WARN_UNUSED_FUNCTION = YES;
				GCC_WARN_UNUSED_VARIABLE = YES;
				IPHONEOS_DEPLOYMENT_TARGET = 11.4;
				MTL_ENABLE_DEBUG_INFO = YES;
				ONLY_ACTIVE_ARCH = YES;
				SDKROOT = iphoneos;
				SWIFT_ACTIVE_COMPILATION_CONDITIONS = DEBUG;
				SWIFT_OPTIMIZATION_LEVEL = "-Onone";
			};
			name = Debug;
		};
		8B8B6242211BC62900800D24 /* Release */ = {
			isa = XCBuildConfiguration;
			buildSettings = {
				ALWAYS_SEARCH_USER_PATHS = NO;
				CLANG_ANALYZER_NONNULL = YES;
				CLANG_ANALYZER_NUMBER_OBJECT_CONVERSION = YES_AGGRESSIVE;
				CLANG_CXX_LANGUAGE_STANDARD = "gnu++14";
				CLANG_CXX_LIBRARY = "libc++";
				CLANG_ENABLE_MODULES = YES;
				CLANG_ENABLE_OBJC_ARC = YES;
				CLANG_ENABLE_OBJC_WEAK = YES;
				CLANG_WARN_BLOCK_CAPTURE_AUTORELEASING = YES;
				CLANG_WARN_BOOL_CONVERSION = YES;
				CLANG_WARN_COMMA = YES;
				CLANG_WARN_CONSTANT_CONVERSION = YES;
				CLANG_WARN_DEPRECATED_OBJC_IMPLEMENTATIONS = YES;
				CLANG_WARN_DIRECT_OBJC_ISA_USAGE = YES_ERROR;
				CLANG_WARN_DOCUMENTATION_COMMENTS = YES;
				CLANG_WARN_EMPTY_BODY = YES;
				CLANG_WARN_ENUM_CONVERSION = YES;
				CLANG_WARN_INFINITE_RECURSION = YES;
				CLANG_WARN_INT_CONVERSION = YES;
				CLANG_WARN_NON_LITERAL_NULL_CONVERSION = YES;
				CLANG_WARN_OBJC_IMPLICIT_RETAIN_SELF = YES;
				CLANG_WARN_OBJC_LITERAL_CONVERSION = YES;
				CLANG_WARN_OBJC_ROOT_CLASS = YES_ERROR;
				CLANG_WARN_RANGE_LOOP_ANALYSIS = YES;
				CLANG_WARN_STRICT_PROTOTYPES = YES;
				CLANG_WARN_SUSPICIOUS_MOVE = YES;
				CLANG_WARN_UNGUARDED_AVAILABILITY = YES_AGGRESSIVE;
				CLANG_WARN_UNREACHABLE_CODE = YES;
				CLANG_WARN__DUPLICATE_METHOD_MATCH = YES;
				CODE_SIGN_IDENTITY = "iPhone Developer";
				COPY_PHASE_STRIP = NO;
				DEBUG_INFORMATION_FORMAT = "dwarf-with-dsym";
				ENABLE_NS_ASSERTIONS = NO;
				ENABLE_STRICT_OBJC_MSGSEND = YES;
				GCC_C_LANGUAGE_STANDARD = gnu11;
				GCC_NO_COMMON_BLOCKS = YES;
				GCC_WARN_64_TO_32_BIT_CONVERSION = YES;
				GCC_WARN_ABOUT_RETURN_TYPE = YES_ERROR;
				GCC_WARN_UNDECLARED_SELECTOR = YES;
				GCC_WARN_UNINITIALIZED_AUTOS = YES_AGGRESSIVE;
				GCC_WARN_UNUSED_FUNCTION = YES;
				GCC_WARN_UNUSED_VARIABLE = YES;
				IPHONEOS_DEPLOYMENT_TARGET = 11.4;
				MTL_ENABLE_DEBUG_INFO = NO;
				SDKROOT = iphoneos;
				SWIFT_COMPILATION_MODE = wholemodule;
				SWIFT_OPTIMIZATION_LEVEL = "-O";
				VALIDATE_PRODUCT = YES;
			};
			name = Release;
		};
		8B8B6244211BC62900800D24 /* Debug */ = {
			isa = XCBuildConfiguration;
			buildSettings = {
				ASSETCATALOG_COMPILER_APPICON_NAME = AppIcon;
				CODE_SIGN_STYLE = Automatic;
				INFOPLIST_FILE = persistenciaDatos/Info.plist;
				LD_RUNPATH_SEARCH_PATHS = (
					"$(inherited)",
					"@executable_path/Frameworks",
				);
				PRODUCT_BUNDLE_IDENTIFIER = company.persistenciaDatos;
				PRODUCT_NAME = "$(TARGET_NAME)";
				SWIFT_VERSION = 4.0;
				TARGETED_DEVICE_FAMILY = "1,2";
			};
			name = Debug;
		};
		8B8B6245211BC62900800D24 /* Release */ = {
			isa = XCBuildConfiguration;
			buildSettings = {
				ASSETCATALOG_COMPILER_APPICON_NAME = AppIcon;
				CODE_SIGN_STYLE = Automatic;
				INFOPLIST_FILE = persistenciaDatos/Info.plist;
				LD_RUNPATH_SEARCH_PATHS = (
					"$(inherited)",
					"@executable_path/Frameworks",
				);
				PRODUCT_BUNDLE_IDENTIFIER = company.persistenciaDatos;
				PRODUCT_NAME = "$(TARGET_NAME)";
				SWIFT_VERSION = 4.0;
				TARGETED_DEVICE_FAMILY = "1,2";
			};
			name = Release;
		};
		8B8B6247211BC62900800D24 /* Debug */ = {
			isa = XCBuildConfiguration;
			buildSettings = {
				ALWAYS_EMBED_SWIFT_STANDARD_LIBRARIES = YES;
				BUNDLE_LOADER = "$(TEST_HOST)";
				CODE_SIGN_STYLE = Automatic;
				INFOPLIST_FILE = persistenciaDatosTests/Info.plist;
				LD_RUNPATH_SEARCH_PATHS = (
					"$(inherited)",
					"@executable_path/Frameworks",
					"@loader_path/Frameworks",
				);
				PRODUCT_BUNDLE_IDENTIFIER = company.persistenciaDatosTests;
				PRODUCT_NAME = "$(TARGET_NAME)";
				SWIFT_VERSION = 4.0;
				TARGETED_DEVICE_FAMILY = "1,2";
				TEST_HOST = "$(BUILT_PRODUCTS_DIR)/persistenciaDatos.app/persistenciaDatos";
			};
			name = Debug;
		};
		8B8B6248211BC62900800D24 /* Release */ = {
			isa = XCBuildConfiguration;
			buildSettings = {
				ALWAYS_EMBED_SWIFT_STANDARD_LIBRARIES = YES;
				BUNDLE_LOADER = "$(TEST_HOST)";
				CODE_SIGN_STYLE = Automatic;
				INFOPLIST_FILE = persistenciaDatosTests/Info.plist;
				LD_RUNPATH_SEARCH_PATHS = (
					"$(inherited)",
					"@executable_path/Frameworks",
					"@loader_path/Frameworks",
				);
				PRODUCT_BUNDLE_IDENTIFIER = company.persistenciaDatosTests;
				PRODUCT_NAME = "$(TARGET_NAME)";
				SWIFT_VERSION = 4.0;
				TARGETED_DEVICE_FAMILY = "1,2";
				TEST_HOST = "$(BUILT_PRODUCTS_DIR)/persistenciaDatos.app/persistenciaDatos";
			};
			name = Release;
		};
		8B8B624A211BC62900800D24 /* Debug */ = {
			isa = XCBuildConfiguration;
			buildSettings = {
				ALWAYS_EMBED_SWIFT_STANDARD_LIBRARIES = YES;
				CODE_SIGN_STYLE = Automatic;
				INFOPLIST_FILE = persistenciaDatosUITests/Info.plist;
				LD_RUNPATH_SEARCH_PATHS = (
					"$(inherited)",
					"@executable_path/Frameworks",
					"@loader_path/Frameworks",
				);
				PRODUCT_BUNDLE_IDENTIFIER = company.persistenciaDatosUITests;
				PRODUCT_NAME = "$(TARGET_NAME)";
				SWIFT_VERSION = 4.0;
				TARGETED_DEVICE_FAMILY = "1,2";
				TEST_TARGET_NAME = persistenciaDatos;
			};
			name = Debug;
		};
		8B8B624B211BC62900800D24 /* Release */ = {
			isa = XCBuildConfiguration;
			buildSettings = {
				ALWAYS_EMBED_SWIFT_STANDARD_LIBRARIES = YES;
				CODE_SIGN_STYLE = Automatic;
				INFOPLIST_FILE = persistenciaDatosUITests/Info.plist;
				LD_RUNPATH_SEARCH_PATHS = (
					"$(inherited)",
					"@executable_path/Frameworks",
					"@loader_path/Frameworks",
				);
				PRODUCT_BUNDLE_IDENTIFIER = company.persistenciaDatosUITests;
				PRODUCT_NAME = "$(TARGET_NAME)";
				SWIFT_VERSION = 4.0;
				TARGETED_DEVICE_FAMILY = "1,2";
				TEST_TARGET_NAME = persistenciaDatos;
			};
			name = Release;
		};
/* End XCBuildConfiguration section */

/* Begin XCConfigurationList section */
		8B8B6213211BC62300800D24 /* Build configuration list for PBXProject "persistenciaDatos" */ = {
			isa = XCConfigurationList;
			buildConfigurations = (
				8B8B6241211BC62900800D24 /* Debug */,
				8B8B6242211BC62900800D24 /* Release */,
			);
			defaultConfigurationIsVisible = 0;
			defaultConfigurationName = Release;
		};
		8B8B6243211BC62900800D24 /* Build configuration list for PBXNativeTarget "persistenciaDatos" */ = {
			isa = XCConfigurationList;
			buildConfigurations = (
				8B8B6244211BC62900800D24 /* Debug */,
				8B8B6245211BC62900800D24 /* Release */,
			);
			defaultConfigurationIsVisible = 0;
			defaultConfigurationName = Release;
		};
		8B8B6246211BC62900800D24 /* Build configuration list for PBXNativeTarget "persistenciaDatosTests" */ = {
			isa = XCConfigurationList;
			buildConfigurations = (
				8B8B6247211BC62900800D24 /* Debug */,
				8B8B6248211BC62900800D24 /* Release */,
			);
			defaultConfigurationIsVisible = 0;
			defaultConfigurationName = Release;
		};
		8B8B6249211BC62900800D24 /* Build configuration list for PBXNativeTarget "persistenciaDatosUITests" */ = {
			isa = XCConfigurationList;
			buildConfigurations = (
				8B8B624A211BC62900800D24 /* Debug */,
				8B8B624B211BC62900800D24 /* Release */,
			);
			defaultConfigurationIsVisible = 0;
			defaultConfigurationName = Release;
		};
/* End XCConfigurationList section */

/* Begin XCVersionGroup section */
		8B8B6222211BC62300800D24 /* persistenciaDatos.xcdatamodeld */ = {
			isa = XCVersionGroup;
			children = (
				8B8B6223211BC62300800D24 /* persistenciaDatos.xcdatamodel */,
			);
			currentVersion = 8B8B6223211BC62300800D24 /* persistenciaDatos.xcdatamodel */;
			path = persistenciaDatos.xcdatamodeld;
			sourceTree = "<group>";
			versionGroupType = wrapper.xcdatamodel;
		};
/* End XCVersionGroup section */
	};
	rootObject = 8B8B6210211BC62300800D24 /* Project object */;
}
